// !$*UTF8*$!
{
	archiveVersion = 1;
	classes = {
	};
	objectVersion = 50;
	objects = {

/* Begin PBXBuildFile section */
		717AA5F82163217500059812 /* AppDelegate.swift in Sources */ = {isa = PBXBuildFile; fileRef = 717AA5F72163217500059812 /* AppDelegate.swift */; };
		717AA5FA2163217500059812 /* ViewController.swift in Sources */ = {isa = PBXBuildFile; fileRef = 717AA5F92163217500059812 /* ViewController.swift */; };
		717AA5FD2163217500059812 /* Main.storyboard in Resources */ = {isa = PBXBuildFile; fileRef = 717AA5FB2163217500059812 /* Main.storyboard */; };
		717AA5FF2163217800059812 /* Assets.xcassets in Resources */ = {isa = PBXBuildFile; fileRef = 717AA5FE2163217800059812 /* Assets.xcassets */; };
		717AA6022163217800059812 /* LaunchScreen.storyboard in Resources */ = {isa = PBXBuildFile; fileRef = 717AA6002163217800059812 /* LaunchScreen.storyboard */; };
		717AA60D2163217800059812 /* Instagram_ProjectTests.swift in Sources */ = {isa = PBXBuildFile; fileRef = 717AA60C2163217800059812 /* Instagram_ProjectTests.swift */; };
		717AA6182163217800059812 /* Instagram_ProjectUITests.swift in Sources */ = {isa = PBXBuildFile; fileRef = 717AA6172163217800059812 /* Instagram_ProjectUITests.swift */; };
/* End PBXBuildFile section */

/* Begin PBXContainerItemProxy section */
		717AA6092163217800059812 /* PBXContainerItemProxy */ = {
			isa = PBXContainerItemProxy;
			containerPortal = 717AA5EC2163217500059812 /* Project object */;
			proxyType = 1;
			remoteGlobalIDString = 717AA5F32163217500059812;
			remoteInfo = "Instagram Project";
		};
		717AA6142163217800059812 /* PBXContainerItemProxy */ = {
			isa = PBXContainerItemProxy;
			containerPortal = 717AA5EC2163217500059812 /* Project object */;
			proxyType = 1;
			remoteGlobalIDString = 717AA5F32163217500059812;
			remoteInfo = "Instagram Project";
		};
/* End PBXContainerItemProxy section */

/* Begin PBXFileReference section */
		717AA5F42163217500059812 /* Instagram Project.app */ = {isa = PBXFileReference; explicitFileType = wrapper.application; includeInIndex = 0; path = "Instagram Project.app"; sourceTree = BUILT_PRODUCTS_DIR; };
		717AA5F72163217500059812 /* AppDelegate.swift */ = {isa = PBXFileReference; lastKnownFileType = sourcecode.swift; path = AppDelegate.swift; sourceTree = "<group>"; };
		717AA5F92163217500059812 /* ViewController.swift */ = {isa = PBXFileReference; lastKnownFileType = sourcecode.swift; path = ViewController.swift; sourceTree = "<group>"; };
		717AA5FC2163217500059812 /* Base */ = {isa = PBXFileReference; lastKnownFileType = file.storyboard; name = Base; path = Base.lproj/Main.storyboard; sourceTree = "<group>"; };
		717AA5FE2163217800059812 /* Assets.xcassets */ = {isa = PBXFileReference; lastKnownFileType = folder.assetcatalog; path = Assets.xcassets; sourceTree = "<group>"; };
		717AA6012163217800059812 /* Base */ = {isa = PBXFileReference; lastKnownFileType = file.storyboard; name = Base; path = Base.lproj/LaunchScreen.storyboard; sourceTree = "<group>"; };
		717AA6032163217800059812 /* Info.plist */ = {isa = PBXFileReference; lastKnownFileType = text.plist.xml; path = Info.plist; sourceTree = "<group>"; };
		717AA6082163217800059812 /* Instagram ProjectTests.xctest */ = {isa = PBXFileReference; explicitFileType = wrapper.cfbundle; includeInIndex = 0; path = "Instagram ProjectTests.xctest"; sourceTree = BUILT_PRODUCTS_DIR; };
		717AA60C2163217800059812 /* Instagram_ProjectTests.swift */ = {isa = PBXFileReference; lastKnownFileType = sourcecode.swift; path = Instagram_ProjectTests.swift; sourceTree = "<group>"; };
		717AA60E2163217800059812 /* Info.plist */ = {isa = PBXFileReference; lastKnownFileType = text.plist.xml; path = Info.plist; sourceTree = "<group>"; };
		717AA6132163217800059812 /* Instagram ProjectUITests.xctest */ = {isa = PBXFileReference; explicitFileType = wrapper.cfbundle; includeInIndex = 0; path = "Instagram ProjectUITests.xctest"; sourceTree = BUILT_PRODUCTS_DIR; };
		717AA6172163217800059812 /* Instagram_ProjectUITests.swift */ = {isa = PBXFileReference; lastKnownFileType = sourcecode.swift; path = Instagram_ProjectUITests.swift; sourceTree = "<group>"; };
		717AA6192163217800059812 /* Info.plist */ = {isa = PBXFileReference; lastKnownFileType = text.plist.xml; path = Info.plist; sourceTree = "<group>"; };
/* End PBXFileReference section */

/* Begin PBXFrameworksBuildPhase section */
		717AA5F12163217500059812 /* Frameworks */ = {
			isa = PBXFrameworksBuildPhase;
			buildActionMask = 2147483647;
			files = (
			);
			runOnlyForDeploymentPostprocessing = 0;
		};
		717AA6052163217800059812 /* Frameworks */ = {
			isa = PBXFrameworksBuildPhase;
			buildActionMask = 2147483647;
			files = (
			);
			runOnlyForDeploymentPostprocessing = 0;
		};
		717AA6102163217800059812 /* Frameworks */ = {
			isa = PBXFrameworksBuildPhase;
			buildActionMask = 2147483647;
			files = (
			);
			runOnlyForDeploymentPostprocessing = 0;
		};
/* End PBXFrameworksBuildPhase section */

/* Begin PBXGroup section */
		717AA5EB2163217500059812 = {
			isa = PBXGroup;
			children = (
				717AA5F62163217500059812 /* Instagram Project */,
				717AA60B2163217800059812 /* Instagram ProjectTests */,
				717AA6162163217800059812 /* Instagram ProjectUITests */,
				717AA5F52163217500059812 /* Products */,
			);
			sourceTree = "<group>";
		};
		717AA5F52163217500059812 /* Products */ = {
			isa = PBXGroup;
			children = (
				717AA5F42163217500059812 /* Instagram Project.app */,
				717AA6082163217800059812 /* Instagram ProjectTests.xctest */,
				717AA6132163217800059812 /* Instagram ProjectUITests.xctest */,
			);
			name = Products;
			sourceTree = "<group>";
		};
		717AA5F62163217500059812 /* Instagram Project */ = {
			isa = PBXGroup;
			children = (
				717AA5F72163217500059812 /* AppDelegate.swift */,
				717AA5F92163217500059812 /* ViewController.swift */,
				717AA5FB2163217500059812 /* Main.storyboard */,
				717AA5FE2163217800059812 /* Assets.xcassets */,
				717AA6002163217800059812 /* LaunchScreen.storyboard */,
				717AA6032163217800059812 /* Info.plist */,
			);
			path = "Instagram Project";
			sourceTree = "<group>";
		};
		717AA60B2163217800059812 /* Instagram ProjectTests */ = {
			isa = PBXGroup;
			children = (
				717AA60C2163217800059812 /* Instagram_ProjectTests.swift */,
				717AA60E2163217800059812 /* Info.plist */,
			);
			path = "Instagram ProjectTests";
			sourceTree = "<group>";
		};
		717AA6162163217800059812 /* Instagram ProjectUITests */ = {
			isa = PBXGroup;
			children = (
				717AA6172163217800059812 /* Instagram_ProjectUITests.swift */,
				717AA6192163217800059812 /* Info.plist */,
			);
			path = "Instagram ProjectUITests";
			sourceTree = "<group>";
		};
/* End PBXGroup section */

/* Begin PBXNativeTarget section */
		717AA5F32163217500059812 /* Instagram Project */ = {
			isa = PBXNativeTarget;
			buildConfigurationList = 717AA61C2163217800059812 /* Build configuration list for PBXNativeTarget "Instagram Project" */;
			buildPhases = (
				717AA5F02163217500059812 /* Sources */,
				717AA5F12163217500059812 /* Frameworks */,
				717AA5F22163217500059812 /* Resources */,
			);
			buildRules = (
			);
			dependencies = (
			);
			name = "Instagram Project";
			productName = "Instagram Project";
			productReference = 717AA5F42163217500059812 /* Instagram Project.app */;
			productType = "com.apple.product-type.application";
		};
		717AA6072163217800059812 /* Instagram ProjectTests */ = {
			isa = PBXNativeTarget;
			buildConfigurationList = 717AA61F2163217800059812 /* Build configuration list for PBXNativeTarget "Instagram ProjectTests" */;
			buildPhases = (
				717AA6042163217800059812 /* Sources */,
				717AA6052163217800059812 /* Frameworks */,
				717AA6062163217800059812 /* Resources */,
			);
			buildRules = (
			);
			dependencies = (
				717AA60A2163217800059812 /* PBXTargetDependency */,
			);
			name = "Instagram ProjectTests";
			productName = "Instagram ProjectTests";
			productReference = 717AA6082163217800059812 /* Instagram ProjectTests.xctest */;
			productType = "com.apple.product-type.bundle.unit-test";
		};
		717AA6122163217800059812 /* Instagram ProjectUITests */ = {
			isa = PBXNativeTarget;
			buildConfigurationList = 717AA6222163217800059812 /* Build configuration list for PBXNativeTarget "Instagram ProjectUITests" */;
			buildPhases = (
				717AA60F2163217800059812 /* Sources */,
				717AA6102163217800059812 /* Frameworks */,
				717AA6112163217800059812 /* Resources */,
			);
			buildRules = (
			);
			dependencies = (
				717AA6152163217800059812 /* PBXTargetDependency */,
			);
			name = "Instagram ProjectUITests";
			productName = "Instagram ProjectUITests";
			productReference = 717AA6132163217800059812 /* Instagram ProjectUITests.xctest */;
			productType = "com.apple.product-type.bundle.ui-testing";
		};
/* End PBXNativeTarget section */

/* Begin PBXProject section */
		717AA5EC2163217500059812 /* Project object */ = {
			isa = PBXProject;
			attributes = {
				LastSwiftUpdateCheck = 0940;
				LastUpgradeCheck = 0940;
				ORGANIZATIONNAME = LiuYuHan;
				TargetAttributes = {
					717AA5F32163217500059812 = {
						CreatedOnToolsVersion = 9.4.1;
					};
					717AA6072163217800059812 = {
						CreatedOnToolsVersion = 9.4.1;
						TestTargetID = 717AA5F32163217500059812;
					};
					717AA6122163217800059812 = {
						CreatedOnToolsVersion = 9.4.1;
						TestTargetID = 717AA5F32163217500059812;
					};
				};
			};
			buildConfigurationList = 717AA5EF2163217500059812 /* Build configuration list for PBXProject "Instagram Project" */;
			compatibilityVersion = "Xcode 9.3";
			developmentRegion = en;
			hasScannedForEncodings = 0;
			knownRegions = (
				en,
				Base,
			);
			mainGroup = 717AA5EB2163217500059812;
			productRefGroup = 717AA5F52163217500059812 /* Products */;
			projectDirPath = "";
			projectRoot = "";
			targets = (
				717AA5F32163217500059812 /* Instagram Project */,
				717AA6072163217800059812 /* Instagram ProjectTests */,
				717AA6122163217800059812 /* Instagram ProjectUITests */,
			);
		};
/* End PBXProject section */

/* Begin PBXResourcesBuildPhase section */
		717AA5F22163217500059812 /* Resources */ = {
			isa = PBXResourcesBuildPhase;
			buildActionMask = 2147483647;
			files = (
				717AA6022163217800059812 /* LaunchScreen.storyboard in Resources */,
				717AA5FF2163217800059812 /* Assets.xcassets in Resources */,
				717AA5FD2163217500059812 /* Main.storyboard in Resources */,
			);
			runOnlyForDeploymentPostprocessing = 0;
		};
		717AA6062163217800059812 /* Resources */ = {
			isa = PBXResourcesBuildPhase;
			buildActionMask = 2147483647;
			files = (
			);
			runOnlyForDeploymentPostprocessing = 0;
		};
		717AA6112163217800059812 /* Resources */ = {
			isa = PBXResourcesBuildPhase;
			buildActionMask = 2147483647;
			files = (
			);
			runOnlyForDeploymentPostprocessing = 0;
		};
/* End PBXResourcesBuildPhase section */

/* Begin PBXSourcesBuildPhase section */
		717AA5F02163217500059812 /* Sources */ = {
			isa = PBXSourcesBuildPhase;
			buildActionMask = 2147483647;
			files = (
				717AA5FA2163217500059812 /* ViewController.swift in Sources */,
				717AA5F82163217500059812 /* AppDelegate.swift in Sources */,
			);
			runOnlyForDeploymentPostprocessing = 0;
		};
		717AA6042163217800059812 /* Sources */ = {
			isa = PBXSourcesBuildPhase;
			buildActionMask = 2147483647;
			files = (
				717AA60D2163217800059812 /* Instagram_ProjectTests.swift in Sources */,
			);
			runOnlyForDeploymentPostprocessing = 0;
		};
		717AA60F2163217800059812 /* Sources */ = {
			isa = PBXSourcesBuildPhase;
			buildActionMask = 2147483647;
			files = (
				717AA6182163217800059812 /* Instagram_ProjectUITests.swift in Sources */,
			);
			runOnlyForDeploymentPostprocessing = 0;
		};
/* End PBXSourcesBuildPhase section */

/* Begin PBXTargetDependency section */
		717AA60A2163217800059812 /* PBXTargetDependency */ = {
			isa = PBXTargetDependency;
			target = 717AA5F32163217500059812 /* Instagram Project */;
			targetProxy = 717AA6092163217800059812 /* PBXContainerItemProxy */;
		};
		717AA6152163217800059812 /* PBXTargetDependency */ = {
			isa = PBXTargetDependency;
			target = 717AA5F32163217500059812 /* Instagram Project */;
			targetProxy = 717AA6142163217800059812 /* PBXContainerItemProxy */;
		};
/* End PBXTargetDependency section */

/* Begin PBXVariantGroup section */
		717AA5FB2163217500059812 /* Main.storyboard */ = {
			isa = PBXVariantGroup;
			children = (
				717AA5FC2163217500059812 /* Base */,
			);
			name = Main.storyboard;
			sourceTree = "<group>";
		};
		717AA6002163217800059812 /* LaunchScreen.storyboard */ = {
			isa = PBXVariantGroup;
			children = (
				717AA6012163217800059812 /* Base */,
			);
			name = LaunchScreen.storyboard;
			sourceTree = "<group>";
		};
/* End PBXVariantGroup section */

/* Begin XCBuildConfiguration section */
		717AA61A2163217800059812 /* Debug */ = {
			isa = XCBuildConfiguration;
			buildSettings = {
				ALWAYS_SEARCH_USER_PATHS = NO;
				CLANG_ANALYZER_NONNULL = YES;
				CLANG_ANALYZER_NUMBER_OBJECT_CONVERSION = YES_AGGRESSIVE;
				CLANG_CXX_LANGUAGE_STANDARD = "gnu++14";
				CLANG_CXX_LIBRARY = "libc++";
				CLANG_ENABLE_MODULES = YES;
				CLANG_ENABLE_OBJC_ARC = YES;
				CLANG_ENABLE_OBJC_WEAK = YES;
				CLANG_WARN_BLOCK_CAPTURE_AUTORELEASING = YES;
				CLANG_WARN_BOOL_CONVERSION = YES;
				CLANG_WARN_COMMA = YES;
				CLANG_WARN_CONSTANT_CONVERSION = YES;
				CLANG_WARN_DEPRECATED_OBJC_IMPLEMENTATIONS = YES;
				CLANG_WARN_DIRECT_OBJC_ISA_USAGE = YES_ERROR;
				CLANG_WARN_DOCUMENTATION_COMMENTS = YES;
				CLANG_WARN_EMPTY_BODY = YES;
				CLANG_WARN_ENUM_CONVERSION = YES;
				CLANG_WARN_INFINITE_RECURSION = YES;
				CLANG_WARN_INT_CONVERSION = YES;
				CLANG_WARN_NON_LITERAL_NULL_CONVERSION = YES;
				CLANG_WARN_OBJC_IMPLICIT_RETAIN_SELF = YES;
				CLANG_WARN_OBJC_LITERAL_CONVERSION = YES;
				CLANG_WARN_OBJC_ROOT_CLASS = YES_ERROR;
				CLANG_WARN_RANGE_LOOP_ANALYSIS = YES;
				CLANG_WARN_STRICT_PROTOTYPES = YES;
				CLANG_WARN_SUSPICIOUS_MOVE = YES;
				CLANG_WARN_UNGUARDED_AVAILABILITY = YES_AGGRESSIVE;
				CLANG_WARN_UNREACHABLE_CODE = YES;
				CLANG_WARN__DUPLICATE_METHOD_MATCH = YES;
				CODE_SIGN_IDENTITY = "iPhone Developer";
				COPY_PHASE_STRIP = NO;
				DEBUG_INFORMATION_FORMAT = dwarf;
				ENABLE_STRICT_OBJC_MSGSEND = YES;
				ENABLE_TESTABILITY = YES;
				GCC_C_LANGUAGE_STANDARD = gnu11;
				GCC_DYNAMIC_NO_PIC = NO;
				GCC_NO_COMMON_BLOCKS = YES;
				GCC_OPTIMIZATION_LEVEL = 0;
				GCC_PREPROCESSOR_DEFINITIONS = (
					"DEBUG=1",
					"$(inherited)",
				);
				GCC_WARN_64_TO_32_BIT_CONVERSION = YES;
				GCC_WARN_ABOUT_RETURN_TYPE = YES_ERROR;
				GCC_WARN_UNDECLARED_SELECTOR = YES;
				GCC_WARN_UNINITIALIZED_AUTOS = YES_AGGRESSIVE;
				GCC_WARN_UNUSED_FUNCTION = YES;
				GCC_WARN_UNUSED_VARIABLE = YES;
				IPHONEOS_DEPLOYMENT_TARGET = 11.4;
				MTL_ENABLE_DEBUG_INFO = YES;
				ONLY_ACTIVE_ARCH = YES;
				SDKROOT = iphoneos;
				SWIFT_ACTIVE_COMPILATION_CONDITIONS = DEBUG;
				SWIFT_OPTIMIZATION_LEVEL = "-Onone";
			};
			name = Debug;
		};
		717AA61B2163217800059812 /* Release */ = {
			isa = XCBuildConfiguration;
			buildSettings = {
				ALWAYS_SEARCH_USER_PATHS = NO;
				CLANG_ANALYZER_NONNULL = YES;
				CLANG_ANALYZER_NUMBER_OBJECT_CONVERSION = YES_AGGRESSIVE;
				CLANG_CXX_LANGUAGE_STANDARD = "gnu++14";
				CLANG_CXX_LIBRARY = "libc++";
				CLANG_ENABLE_MODULES = YES;
				CLANG_ENABLE_OBJC_ARC = YES;
				CLANG_ENABLE_OBJC_WEAK = YES;
				CLANG_WARN_BLOCK_CAPTURE_AUTORELEASING = YES;
				CLANG_WARN_BOOL_CONVERSION = YES;
				CLANG_WARN_COMMA = YES;
				CLANG_WARN_CONSTANT_CONVERSION = YES;
				CLANG_WARN_DEPRECATED_OBJC_IMPLEMENTATIONS = YES;
				CLANG_WARN_DIRECT_OBJC_ISA_USAGE = YES_ERROR;
				CLANG_WARN_DOCUMENTATION_COMMENTS = YES;
				CLANG_WARN_EMPTY_BODY = YES;
				CLANG_WARN_ENUM_CONVERSION = YES;
				CLANG_WARN_INFINITE_RECURSION = YES;
				CLANG_WARN_INT_CONVERSION = YES;
				CLANG_WARN_NON_LITERAL_NULL_CONVERSION = YES;
				CLANG_WARN_OBJC_IMPLICIT_RETAIN_SELF = YES;
				CLANG_WARN_OBJC_LITERAL_CONVERSION = YES;
				CLANG_WARN_OBJC_ROOT_CLASS = YES_ERROR;
				CLANG_WARN_RANGE_LOOP_ANALYSIS = YES;
				CLANG_WARN_STRICT_PROTOTYPES = YES;
				CLANG_WARN_SUSPICIOUS_MOVE = YES;
				CLANG_WARN_UNGUARDED_AVAILABILITY = YES_AGGRESSIVE;
				CLANG_WARN_UNREACHABLE_CODE = YES;
				CLANG_WARN__DUPLICATE_METHOD_MATCH = YES;
				CODE_SIGN_IDENTITY = "iPhone Developer";
				COPY_PHASE_STRIP = NO;
				DEBUG_INFORMATION_FORMAT = "dwarf-with-dsym";
				ENABLE_NS_ASSERTIONS = NO;
				ENABLE_STRICT_OBJC_MSGSEND = YES;
				GCC_C_LANGUAGE_STANDARD = gnu11;
				GCC_NO_COMMON_BLOCKS = YES;
				GCC_WARN_64_TO_32_BIT_CONVERSION = YES;
				GCC_WARN_ABOUT_RETURN_TYPE = YES_ERROR;
				GCC_WARN_UNDECLARED_SELECTOR = YES;
				GCC_WARN_UNINITIALIZED_AUTOS = YES_AGGRESSIVE;
				GCC_WARN_UNUSED_FUNCTION = YES;
				GCC_WARN_UNUSED_VARIABLE = YES;
				IPHONEOS_DEPLOYMENT_TARGET = 11.4;
				MTL_ENABLE_DEBUG_INFO = NO;
				SDKROOT = iphoneos;
				SWIFT_COMPILATION_MODE = wholemodule;
				SWIFT_OPTIMIZATION_LEVEL = "-O";
				VALIDATE_PRODUCT = YES;
			};
			name = Release;
		};
		717AA61D2163217800059812 /* Debug */ = {
			isa = XCBuildConfiguration;
			buildSettings = {
				ASSETCATALOG_COMPILER_APPICON_NAME = AppIcon;
				CODE_SIGN_STYLE = Automatic;
				DEVELOPMENT_TEAM = UJ8P33HUT8;
				INFOPLIST_FILE = "Instagram Project/Info.plist";
				LD_RUNPATH_SEARCH_PATHS = (
					"$(inherited)",
					"@executable_path/Frameworks",
				);
				PRODUCT_BUNDLE_IDENTIFIER = "com.lyh.Instagram-Project";
				PRODUCT_NAME = "$(TARGET_NAME)";
				SWIFT_VERSION = 4.0;
				TARGETED_DEVICE_FAMILY = "1,2";
			};
			name = Debug;
		};
		717AA61E2163217800059812 /* Release */ = {
			isa = XCBuildConfiguration;
			buildSettings = {
				ASSETCATALOG_COMPILER_APPICON_NAME = AppIcon;
				CODE_SIGN_STYLE = Automatic;
				DEVELOPMENT_TEAM = UJ8P33HUT8;
				INFOPLIST_FILE = "Instagram Project/Info.plist";
				LD_RUNPATH_SEARCH_PATHS = (
					"$(inherited)",
					"@executable_path/Frameworks",
				);
				PRODUCT_BUNDLE_IDENTIFIER = "com.lyh.Instagram-Project";
				PRODUCT_NAME = "$(TARGET_NAME)";
				SWIFT_VERSION = 4.0;
				TARGETED_DEVICE_FAMILY = "1,2";
			};
			name = Release;
		};
		717AA6202163217800059812 /* Debug */ = {
			isa = XCBuildConfiguration;
			buildSettings = {
				ALWAYS_EMBED_SWIFT_STANDARD_LIBRARIES = YES;
				BUNDLE_LOADER = "$(TEST_HOST)";
				CODE_SIGN_STYLE = Automatic;
				DEVELOPMENT_TEAM = UJ8P33HUT8;
				INFOPLIST_FILE = "Instagram ProjectTests/Info.plist";
				LD_RUNPATH_SEARCH_PATHS = (
					"$(inherited)",
					"@executable_path/Frameworks",
					"@loader_path/Frameworks",
				);
				PRODUCT_BUNDLE_IDENTIFIER = "com.lyh.Instagram-ProjectTests";
				PRODUCT_NAME = "$(TARGET_NAME)";
				SWIFT_VERSION = 4.0;
				TARGETED_DEVICE_FAMILY = "1,2";
				TEST_HOST = "$(BUILT_PRODUCTS_DIR)/Instagram Project.app/Instagram Project";
			};
			name = Debug;
		};
		717AA6212163217800059812 /* Release */ = {
			isa = XCBuildConfiguration;
			buildSettings = {
				ALWAYS_EMBED_SWIFT_STANDARD_LIBRARIES = YES;
				BUNDLE_LOADER = "$(TEST_HOST)";
				CODE_SIGN_STYLE = Automatic;
				DEVELOPMENT_TEAM = UJ8P33HUT8;
				INFOPLIST_FILE = "Instagram ProjectTests/Info.plist";
				LD_RUNPATH_SEARCH_PATHS = (
					"$(inherited)",
					"@executable_path/Frameworks",
					"@loader_path/Frameworks",
				);
				PRODUCT_BUNDLE_IDENTIFIER = "com.lyh.Instagram-ProjectTests";
				PRODUCT_NAME = "$(TARGET_NAME)";
				SWIFT_VERSION = 4.0;
				TARGETED_DEVICE_FAMILY = "1,2";
				TEST_HOST = "$(BUILT_PRODUCTS_DIR)/Instagram Project.app/Instagram Project";
			};
			name = Release;
		};
		717AA6232163217800059812 /* Debug */ = {
			isa = XCBuildConfiguration;
			buildSettings = {
				ALWAYS_EMBED_SWIFT_STANDARD_LIBRARIES = YES;
				CODE_SIGN_STYLE = Automatic;
				DEVELOPMENT_TEAM = UJ8P33HUT8;
				INFOPLIST_FILE = "Instagram ProjectUITests/Info.plist";
				LD_RUNPATH_SEARCH_PATHS = (
					"$(inherited)",
					"@executable_path/Frameworks",
					"@loader_path/Frameworks",
				);
				PRODUCT_BUNDLE_IDENTIFIER = "com.lyh.Instagram-ProjectUITests";
				PRODUCT_NAME = "$(TARGET_NAME)";
				SWIFT_VERSION = 4.0;
				TARGETED_DEVICE_FAMILY = "1,2";
				TEST_TARGET_NAME = "Instagram Project";
			};
			name = Debug;
		};
		717AA6242163217800059812 /* Release */ = {
			isa = XCBuildConfiguration;
			buildSettings = {
				ALWAYS_EMBED_SWIFT_STANDARD_LIBRARIES = YES;
				CODE_SIGN_STYLE = Automatic;
				DEVELOPMENT_TEAM = UJ8P33HUT8;
				INFOPLIST_FILE = "Instagram ProjectUITests/Info.plist";
				LD_RUNPATH_SEARCH_PATHS = (
					"$(inherited)",
					"@executable_path/Frameworks",
					"@loader_path/Frameworks",
				);
				PRODUCT_BUNDLE_IDENTIFIER = "com.lyh.Instagram-ProjectUITests";
				PRODUCT_NAME = "$(TARGET_NAME)";
				SWIFT_VERSION = 4.0;
				TARGETED_DEVICE_FAMILY = "1,2";
				TEST_TARGET_NAME = "Instagram Project";
			};
			name = Release;
		};
/* End XCBuildConfiguration section */

/* Begin XCConfigurationList section */
		717AA5EF2163217500059812 /* Build configuration list for PBXProject "Instagram Project" */ = {
			isa = XCConfigurationList;
			buildConfigurations = (
				717AA61A2163217800059812 /* Debug */,
				717AA61B2163217800059812 /* Release */,
			);
			defaultConfigurationIsVisible = 0;
			defaultConfigurationName = Release;
		};
		717AA61C2163217800059812 /* Build configuration list for PBXNativeTarget "Instagram Project" */ = {
			isa = XCConfigurationList;
			buildConfigurations = (
				717AA61D2163217800059812 /* Debug */,
				717AA61E2163217800059812 /* Release */,
			);
			defaultConfigurationIsVisible = 0;
			defaultConfigurationName = Release;
		};
		717AA61F2163217800059812 /* Build configuration list for PBXNativeTarget "Instagram ProjectTests" */ = {
			isa = XCConfigurationList;
			buildConfigurations = (
				717AA6202163217800059812 /* Debug */,
				717AA6212163217800059812 /* Release */,
			);
			defaultConfigurationIsVisible = 0;
			defaultConfigurationName = Release;
		};
		717AA6222163217800059812 /* Build configuration list for PBXNativeTarget "Instagram ProjectUITests" */ = {
			isa = XCConfigurationList;
			buildConfigurations = (
				717AA6232163217800059812 /* Debug */,
				717AA6242163217800059812 /* Release */,
			);
			defaultConfigurationIsVisible = 0;
			defaultConfigurationName = Release;
		};
/* End XCConfigurationList section */
	};
	rootObject = 717AA5EC2163217500059812 /* Project object */;
}
